
Microsoft Visual Studio Solution File, Format Version 12.00
# Visual Studio 2013
VisualStudioVersion = 12.0.21005.1
MinimumVisualStudioVersion = 10.0.40219.1
Project("{FAE04EC0-301F-11D3-BF4B-00C04F79EFBC}") = "Barrier-GateSystem", "WindowsFormsApplication1\Barrier-GateSystem.csproj", "{3E37246F-2904-4170-920D-1E415539341F}"
EndProject
Project("{FAE04EC0-301F-11D3-BF4B-00C04F79EFBC}") = "立体车库管理系统", "..\..\..\..\项目\C#\C#立体车库管理系统\C#立体车库管理系统（U3）\立体车库管理系统\立体车库管理系统\立体车库管理系统.csproj", "{70B45027-DCBF-4081-AB78-522BC90D58EB}"
EndProject
Project("{FAE04EC0-301F-11D3-BF4B-00C04F79EFBC}") = "REDS", "..\..\..\..\项目\C#\温湿度检测系统\WindowsFormsApplication2\REDS.csproj", "{9C3E5279-1691-4F82-9D89-F37E9D44F195}"
EndProject
Project("{FAE04EC0-301F-11D3-BF4B-00C04F79EFBC}") = "VWMS", "..\..\..\..\项目\C#\C#家庭监控\01\VWMS\VWMS\VWMS.csproj", "{1193C259-9610-4A4B-8294-4EA7E74706A4}"
EndProject
Project("{FAE04EC0-301F-11D3-BF4B-00C04F79EFBC}") = "TestSettings", "..\..\..\..\项目\C#\setting的用法\TestSettings.csproj", "{E6FF6A54-C95B-4510-A46D-D9730B1495D3}"
EndProject
Project("{F088123C-0E9E-452A-89E6-6BA2F21D5CAC}") = "ModelingProject1", "ModelingProject1\ModelingProject1.modelproj", "{1B0A2C5C-83DF-41B7-9CDA-E6D5343D0B9F}"
EndProject
Global
	GlobalSection(SolutionConfigurationPlatforms) = preSolution
		Debug|Any CPU = Debug|Any CPU
		Debug|Mixed Platforms = Debug|Mixed Platforms
		Debug|x86 = Debug|x86
		Release|Any CPU = Release|Any CPU
		Release|Mixed Platforms = Release|Mixed Platforms
		Release|x86 = Release|x86
	EndGlobalSection
	GlobalSection(ProjectConfigurationPlatforms) = postSolution
		{3E37246F-2904-4170-920D-1E415539341F}.Debug|Any CPU.ActiveCfg = Debug|Any CPU
		{3E37246F-2904-4170-920D-1E415539341F}.Debug|Any CPU.Build.0 = Debug|Any CPU
		{3E37246F-2904-4170-920D-1E415539341F}.Debug|Mixed Platforms.ActiveCfg = Debug|x86
		{3E37246F-2904-4170-920D-1E415539341F}.Debug|Mixed Platforms.Build.0 = Debug|x86
		{3E37246F-2904-4170-920D-1E415539341F}.Debug|x86.ActiveCfg = Debug|Any CPU
		{3E37246F-2904-4170-920D-1E415539341F}.Release|Any CPU.ActiveCfg = Release|Any CPU
		{3E37246F-2904-4170-920D-1E415539341F}.Release|Any CPU.Build.0 = Release|Any CPU
		{3E37246F-2904-4170-920D-1E415539341F}.Release|Mixed Platforms.ActiveCfg = Release|x86
		{3E37246F-2904-4170-920D-1E415539341F}.Release|Mixed Platforms.Build.0 = Release|x86
		{3E37246F-2904-4170-920D-1E415539341F}.Release|x86.ActiveCfg = Release|Any CPU
		{70B45027-DCBF-4081-AB78-522BC90D58EB}.Debug|Any CPU.ActiveCfg = Debug|Any CPU
		{70B45027-DCBF-4081-AB78-522BC90D58EB}.Debug|Any CPU.Build.0 = Debug|Any CPU
		{70B45027-DCBF-4081-AB78-522BC90D58EB}.Debug|Mixed Platforms.ActiveCfg = Debug|Any CPU
		{70B45027-DCBF-4081-AB78-522BC90D58EB}.Debug|Mixed Platforms.Build.0 = Debug|Any CPU
		{70B45027-DCBF-4081-AB78-522BC90D58EB}.Debug|x86.ActiveCfg = Debug|Any CPU
		{70B45027-DCBF-4081-AB78-522BC90D58EB}.Release|Any CPU.ActiveCfg = Release|Any CPU
		{70B45027-DCBF-4081-AB78-522BC90D58EB}.Release|Any CPU.Build.0 = Release|Any CPU
		{70B45027-DCBF-4081-AB78-522BC90D58EB}.Release|Mixed Platforms.ActiveCfg = Release|Any CPU
		{70B45027-DCBF-4081-AB78-522BC90D58EB}.Release|Mixed Platforms.Build.0 = Release|Any CPU
		{70B45027-DCBF-4081-AB78-522BC90D58EB}.Release|x86.ActiveCfg = Release|Any CPU
		{9C3E5279-1691-4F82-9D89-F37E9D44F195}.Debug|Any CPU.ActiveCfg = Debug|x86
		{9C3E5279-1691-4F82-9D89-F37E9D44F195}.Debug|Mixed Platforms.ActiveCfg = Debug|x86
		{9C3E5279-1691-4F82-9D89-F37E9D44F195}.Debug|Mixed Platforms.Build.0 = Debug|x86
		{9C3E5279-1691-4F82-9D89-F37E9D44F195}.Debug|x86.ActiveCfg = Debug|x86
		{9C3E5279-1691-4F82-9D89-F37E9D44F195}.Debug|x86.Build.0 = Debug|x86
		{9C3E5279-1691-4F82-9D89-F37E9D44F195}.Release|Any CPU.ActiveCfg = Release|x86
		{9C3E5279-1691-4F82-9D89-F37E9D44F195}.Release|Mixed Platforms.ActiveCfg = Release|x86
		{9C3E5279-1691-4F82-9D89-F37E9D44F195}.Release|Mixed Platforms.Build.0 = Release|x86
		{9C3E5279-1691-4F82-9D89-F37E9D44F195}.Release|x86.ActiveCfg = Release|x86
		{9C3E5279-1691-4F82-9D89-F37E9D44F195}.Release|x86.Build.0 = Release|x86
		{1193C259-9610-4A4B-8294-4EA7E74706A4}.Debug|Any CPU.ActiveCfg = Debug|Any CPU
		{1193C259-9610-4A4B-8294-4EA7E74706A4}.Debug|Any CPU.Build.0 = Debug|Any CPU
		{1193C259-9610-4A4B-8294-4EA7E74706A4}.Debug|Mixed Platforms.ActiveCfg = Debug|Any CPU
		{1193C259-9610-4A4B-8294-4EA7E74706A4}.Debug|Mixed Platforms.Build.0 = Debug|Any CPU
		{1193C259-9610-4A4B-8294-4EA7E74706A4}.Debug|x86.ActiveCfg = Debug|Any CPU
		{1193C259-9610-4A4B-8294-4EA7E74706A4}.Release|Any CPU.ActiveCfg = Release|Any CPU
		{1193C259-9610-4A4B-8294-4EA7E74706A4}.Release|Any CPU.Build.0 = Release|Any CPU
		{1193C259-9610-4A4B-8294-4EA7E74706A4}.Release|Mixed Platforms.ActiveCfg = Release|Any CPU
		{1193C259-9610-4A4B-8294-4EA7E74706A4}.Release|Mixed Platforms.Build.0 = Release|Any CPU
		{1193C259-9610-4A4B-8294-4EA7E74706A4}.Release|x86.ActiveCfg = Release|Any CPU
		{E6FF6A54-C95B-4510-A46D-D9730B1495D3}.Debug|Any CPU.ActiveCfg = Debug|Any CPU
		{E6FF6A54-C95B-4510-A46D-D9730B1495D3}.Debug|Any CPU.Build.0 = Debug|Any CPU
		{E6FF6A54-C95B-4510-A46D-D9730B1495D3}.Debug|Mixed Platforms.ActiveCfg = Debug|Any CPU
		{E6FF6A54-C95B-4510-A46D-D9730B1495D3}.Debug|Mixed Platforms.Build.0 = Debug|Any CPU
		{E6FF6A54-C95B-4510-A46D-D9730B1495D3}.Debug|x86.ActiveCfg = Debug|Any CPU
		{E6FF6A54-C95B-4510-A46D-D9730B1495D3}.Release|Any CPU.ActiveCfg = Release|Any CPU
		{E6FF6A54-C95B-4510-A46D-D9730B1495D3}.Release|Any CPU.Build.0 = Release|Any CPU
		{E6FF6A54-C95B-4510-A46D-D9730B1495D3}.Release|Mixed Platforms.ActiveCfg = Release|Any CPU
		{E6FF6A54-C95B-4510-A46D-D9730B1495D3}.Release|Mixed Platforms.Build.0 = Release|Any CPU
		{E6FF6A54-C95B-4510-A46D-D9730B1495D3}.Release|x86.ActiveCfg = Release|Any CPU
		{1B0A2C5C-83DF-41B7-9CDA-E6D5343D0B9F}.Debug|Any CPU.ActiveCfg = Debug|Any CPU
		{1B0A2C5C-83DF-41B7-9CDA-E6D5343D0B9F}.Debug|Any CPU.Build.0 = Debug|Any CPU
		{1B0A2C5C-83DF-41B7-9CDA-E6D5343D0B9F}.Debug|Mixed Platforms.ActiveCfg = Debug|Any CPU
		{1B0A2C5C-83DF-41B7-9CDA-E6D5343D0B9F}.Debug|Mixed Platforms.Build.0 = Debug|Any CPU
		{1B0A2C5C-83DF-41B7-9CDA-E6D5343D0B9F}.Debug|x86.ActiveCfg = Debug|Any CPU
		{1B0A2C5C-83DF-41B7-9CDA-E6D5343D0B9F}.Release|Any CPU.ActiveCfg = Release|Any CPU
		{1B0A2C5C-83DF-41B7-9CDA-E6D5343D0B9F}.Release|Any CPU.Build.0 = Release|Any CPU
		{1B0A2C5C-83DF-41B7-9CDA-E6D5343D0B9F}.Release|Mixed Platforms.ActiveCfg = Release|Any CPU
		{1B0A2C5C-83DF-41B7-9CDA-E6D5343D0B9F}.Release|Mixed Platforms.Build.0 = Release|Any CPU
		{1B0A2C5C-83DF-41B7-9CDA-E6D5343D0B9F}.Release|x86.ActiveCfg = Release|Any CPU
	EndGlobalSection
	GlobalSection(SolutionProperties) = preSolution
		HideSolutionNode = FALSE
	EndGlobalSection
EndGlobal
